
Microsoft Visual Studio Solution File, Format Version 12.00
# Visual Studio Version 17
VisualStudioVersion = 17.8.34322.80
MinimumVisualStudioVersion = 10.0.40219.1
Project("{FAE04EC0-301F-11D3-BF4B-00C04F79EFBC}") = "FitnessDashMVC", "FitnessDashMVC\FitnessDashMVC.csproj", "{2E42680A-6360-4B91-BABF-73943B2F3FE6}"
EndProject
Global
	GlobalSection(SolutionConfigurationPlatforms) = preSolution
		Debug|Any CPU = Debug|Any CPU
		Release|Any CPU = Release|Any CPU
	EndGlobalSection
	GlobalSection(ProjectConfigurationPlatforms) = postSolution
		{2E42680A-6360-4B91-BABF-73943B2F3FE6}.Debug|Any CPU.ActiveCfg = Debug|Any CPU
		{2E42680A-6360-4B91-BABF-73943B2F3FE6}.Debug|Any CPU.Build.0 = Debug|Any CPU
		{2E42680A-6360-4B91-BABF-73943B2F3FE6}.Release|Any CPU.ActiveCfg = Release|Any CPU
		{2E42680A-6360-4B91-BABF-73943B2F3FE6}.Release|Any CPU.Build.0 = Release|Any CPU
	EndGlobalSection
	GlobalSection(SolutionProperties) = preSolution
		HideSolutionNode = FALSE
	EndGlobalSection
	GlobalSection(ExtensibilityGlobals) = postSolution
		SolutionGuid = {B2567DBC-8BF2-430C-A146-A7CA6AEFC1A5}
	EndGlobalSection
EndGlobal
